
Microsoft Visual Studio Solution File, Format Version 12.00
# Visual Studio Version 16
VisualStudioVersion = 16.0.31112.23
MinimumVisualStudioVersion = 10.0.40219.1
Project("{FAE04EC0-301F-11D3-BF4B-00C04F79EFBC}") = "EngineTesting", "EngineTesting\EngineTesting.csproj", "{CE3068E7-65C9-44D9-AFF1-C45E1A9A753E}"
EndProject
Global
	GlobalSection(SolutionConfigurationPlatforms) = preSolution
		Debug|Any CPU = Debug|Any CPU
		Release|Any CPU = Release|Any CPU
	EndGlobalSection
	GlobalSection(ProjectConfigurationPlatforms) = postSolution
		{CE3068E7-65C9-44D9-AFF1-C45E1A9A753E}.Debug|Any CPU.ActiveCfg = Debug|Any CPU
		{CE3068E7-65C9-44D9-AFF1-C45E1A9A753E}.Debug|Any CPU.Build.0 = Debug|Any CPU
		{CE3068E7-65C9-44D9-AFF1-C45E1A9A753E}.Release|Any CPU.ActiveCfg = Release|Any CPU
		{CE3068E7-65C9-44D9-AFF1-C45E1A9A753E}.Release|Any CPU.Build.0 = Release|Any CPU
	EndGlobalSection
	GlobalSection(SolutionProperties) = preSolution
		HideSolutionNode = FALSE
	EndGlobalSection
	GlobalSection(ExtensibilityGlobals) = postSolution
		SolutionGuid = {45B8E8AF-C9D4-4423-AB4D-DFD4D0FCE9D4}
	EndGlobalSection
EndGlobal
